{
  "name": "node-red-contrib-zabbix-sender",
  "version": "0.1.1",
  "lockfileVersion": 3,
  "requires": true,
  "packages": {
    "": {
      "name": "node-red-contrib-zabbix-sender",
      "version": "0.1.1",
      "license": "MIT",
      "dependencies": {
        "node-zabbix-sender": "jdiderik/node-zabbix-sender"
      },
      "devDependencies": {}
    },
    "node_modules/node-zabbix-sender": {
      "version": "1.1.2",
      "resolved": "git+ssh://git@github.com/jdiderik/node-zabbix-sender.git#0021c4eebd1fe03782a9df9d8c6ba13d92ba799f",
      "license": "MIT"
    }
  }
}
